
Microsoft Visual Studio Solution File, Format Version 12.00
# Visual Studio 15
VisualStudioVersion = 15.0.26430.14
MinimumVisualStudioVersion = 10.0.40219.1
Project("{8BC9CEB8-8B4A-11D0-8D11-00A0C91BC942}") = "UILanguage", "UILanguage\UILanguage.vcxproj", "{7B5CB6B1-0F55-48D5-95ED-6136921CBBAA}"
EndProject
Project("{8BC9CEB8-8B4A-11D0-8D11-00A0C91BC942}") = "TestApp", "TestApp\TestApp.vcxproj", "{DACFFA8C-31DC-4AF9-A1A5-040B7241C648}"
EndProject
Global
	GlobalSection(SolutionConfigurationPlatforms) = preSolution
		Debug|x64 = Debug|x64
		Debug|x86 = Debug|x86
		Release|x64 = Release|x64
		Release|x86 = Release|x86
	EndGlobalSection
	GlobalSection(ProjectConfigurationPlatforms) = postSolution
		{7B5CB6B1-0F55-48D5-95ED-6136921CBBAA}.Debug|x64.ActiveCfg = Debug|x64
		{7B5CB6B1-0F55-48D5-95ED-6136921CBBAA}.Debug|x64.Build.0 = Debug|x64
		{7B5CB6B1-0F55-48D5-95ED-6136921CBBAA}.Debug|x86.ActiveCfg = Debug|Win32
		{7B5CB6B1-0F55-48D5-95ED-6136921CBBAA}.Debug|x86.Build.0 = Debug|Win32
		{7B5CB6B1-0F55-48D5-95ED-6136921CBBAA}.Release|x64.ActiveCfg = Release|x64
		{7B5CB6B1-0F55-48D5-95ED-6136921CBBAA}.Release|x64.Build.0 = Release|x64
		{7B5CB6B1-0F55-48D5-95ED-6136921CBBAA}.Release|x86.ActiveCfg = Release|Win32
		{7B5CB6B1-0F55-48D5-95ED-6136921CBBAA}.Release|x86.Build.0 = Release|Win32
		{DACFFA8C-31DC-4AF9-A1A5-040B7241C648}.Debug|x64.ActiveCfg = Debug|x64
		{DACFFA8C-31DC-4AF9-A1A5-040B7241C648}.Debug|x64.Build.0 = Debug|x64
		{DACFFA8C-31DC-4AF9-A1A5-040B7241C648}.Debug|x86.ActiveCfg = Debug|Win32
		{DACFFA8C-31DC-4AF9-A1A5-040B7241C648}.Debug|x86.Build.0 = Debug|Win32
		{DACFFA8C-31DC-4AF9-A1A5-040B7241C648}.Release|x64.ActiveCfg = Release|x64
		{DACFFA8C-31DC-4AF9-A1A5-040B7241C648}.Release|x64.Build.0 = Release|x64
		{DACFFA8C-31DC-4AF9-A1A5-040B7241C648}.Release|x86.ActiveCfg = Release|Win32
		{DACFFA8C-31DC-4AF9-A1A5-040B7241C648}.Release|x86.Build.0 = Release|Win32
	EndGlobalSection
	GlobalSection(SolutionProperties) = preSolution
		HideSolutionNode = FALSE
	EndGlobalSection
EndGlobal
