<?xml version="1.0" encoding="utf-8"?>
<Project ToolsVersion="4.0" xmlns="http://schemas.microsoft.com/developer/msbuild/2003">
  <ItemGroup>
    <Filter Include="Base">
      <UniqueIdentifier>{040da33d-6db9-47f5-8fc8-97d2461bbaeb}</UniqueIdentifier>
    </Filter>
    <Filter Include="Base\Includes">
      <UniqueIdentifier>{1ba3d51c-a49e-41be-a865-0c719479f852}</UniqueIdentifier>
    </Filter>
    <Filter Include="Base\Src">
      <UniqueIdentifier>{8ce23014-0aba-40b7-9b83-51446090c539}</UniqueIdentifier>
    </Filter>
  </ItemGroup>
  <ItemGroup>
    <Text Include="ReadMe.txt" />
  </ItemGroup>
  <ItemGroup>
    <ClInclude Include="UILTypes.h">
      <Filter>Base\Includes</Filter>
    </ClInclude>
    <ClInclude Include="UILArray.h">
      <Filter>Base\Includes</Filter>
    </ClInclude>
    <ClInclude Include="UILMemoryManager.h">
      <Filter>Base\Includes</Filter>
    </ClInclude>
    <ClInclude Include="UILDebug.h">
      <Filter>Base\Includes</Filter>
    </ClInclude>
  </ItemGroup>
</Project>